
Microsoft Visual Studio Solution File, Format Version 12.00
# Visual Studio 14
VisualStudioVersion = 14.0.23107.0
MinimumVisualStudioVersion = 10.0.40219.1
Project("{FAE04EC0-301F-11D3-BF4B-00C04F79EFBC}") = "DMSLite", "DMSLite\DMSLite.csproj", "{B26FE545-728C-45F5-B4FB-10DBD33043EB}"
EndProject
Project("{FAE04EC0-301F-11D3-BF4B-00C04F79EFBC}") = "DMSLite.Tests", "DMSLite.Tests\DMSLite.Tests.csproj", "{0C061F0E-690F-47E5-95D3-C5DDFB0D4E2C}"
EndProject
Project("{FAE04EC0-301F-11D3-BF4B-00C04F79EFBC}") = "DMSLite.Entities", "DMALite.Entities\DMSLite.Entities.csproj", "{CC80AFF3-7D09-4A0D-A889-68057D44D21D}"
EndProject
Global
	GlobalSection(SolutionConfigurationPlatforms) = preSolution
		Debug|Any CPU = Debug|Any CPU
		Release|Any CPU = Release|Any CPU
	EndGlobalSection
	GlobalSection(ProjectConfigurationPlatforms) = postSolution
		{B26FE545-728C-45F5-B4FB-10DBD33043EB}.Debug|Any CPU.ActiveCfg = Debug|Any CPU
		{B26FE545-728C-45F5-B4FB-10DBD33043EB}.Debug|Any CPU.Build.0 = Debug|Any CPU
		{B26FE545-728C-45F5-B4FB-10DBD33043EB}.Release|Any CPU.ActiveCfg = Release|Any CPU
		{B26FE545-728C-45F5-B4FB-10DBD33043EB}.Release|Any CPU.Build.0 = Release|Any CPU
		{0C061F0E-690F-47E5-95D3-C5DDFB0D4E2C}.Debug|Any CPU.ActiveCfg = Debug|Any CPU
		{0C061F0E-690F-47E5-95D3-C5DDFB0D4E2C}.Debug|Any CPU.Build.0 = Debug|Any CPU
		{0C061F0E-690F-47E5-95D3-C5DDFB0D4E2C}.Release|Any CPU.ActiveCfg = Release|Any CPU
		{0C061F0E-690F-47E5-95D3-C5DDFB0D4E2C}.Release|Any CPU.Build.0 = Release|Any CPU
		{CC80AFF3-7D09-4A0D-A889-68057D44D21D}.Debug|Any CPU.ActiveCfg = Debug|Any CPU
		{CC80AFF3-7D09-4A0D-A889-68057D44D21D}.Debug|Any CPU.Build.0 = Debug|Any CPU
		{CC80AFF3-7D09-4A0D-A889-68057D44D21D}.Release|Any CPU.ActiveCfg = Release|Any CPU
		{CC80AFF3-7D09-4A0D-A889-68057D44D21D}.Release|Any CPU.Build.0 = Release|Any CPU
	EndGlobalSection
	GlobalSection(SolutionProperties) = preSolution
		HideSolutionNode = FALSE
	EndGlobalSection
EndGlobal
